
Microsoft Visual Studio Solution File, Format Version 12.00
# Visual Studio Version 17
VisualStudioVersion = 17.13.35931.197 d17.13
MinimumVisualStudioVersion = 10.0.40219.1
Project("{FAE04EC0-301F-11D3-BF4B-00C04F79EFBC}") = "Reverse", "Reverse\Reverse.csproj", "{A3A2C7C0-D789-4F63-893F-841D94803F3D}"
EndProject
Project("{FAE04EC0-301F-11D3-BF4B-00C04F79EFBC}") = "FizzBuzz", "FizzBuzz\FizzBuzz.csproj", "{F62C67DB-32B5-4EAC-A4A2-0DDD0C5B8CE7}"
EndProject
Project("{FAE04EC0-301F-11D3-BF4B-00C04F79EFBC}") = "Deret2", "Deret2\Deret2.csproj", "{90EACB93-72F4-4CD2-A286-74AE991A218A}"
EndProject
Project("{FAE04EC0-301F-11D3-BF4B-00C04F79EFBC}") = "SahamUntung", "SahamUntung\SahamUntung.csproj", "{C36F9546-6A53-4611-8795-9CC29832306B}"
EndProject
Project("{FAE04EC0-301F-11D3-BF4B-00C04F79EFBC}") = "AngkaSaja", "AngkaSaja\AngkaSaja.csproj", "{553B3901-8810-438C-8D9E-916D57251896}"
EndProject
Global
	GlobalSection(SolutionConfigurationPlatforms) = preSolution
		Debug|Any CPU = Debug|Any CPU
		Release|Any CPU = Release|Any CPU
	EndGlobalSection
	GlobalSection(ProjectConfigurationPlatforms) = postSolution
		{A3A2C7C0-D789-4F63-893F-841D94803F3D}.Debug|Any CPU.ActiveCfg = Debug|Any CPU
		{A3A2C7C0-D789-4F63-893F-841D94803F3D}.Debug|Any CPU.Build.0 = Debug|Any CPU
		{A3A2C7C0-D789-4F63-893F-841D94803F3D}.Release|Any CPU.ActiveCfg = Release|Any CPU
		{A3A2C7C0-D789-4F63-893F-841D94803F3D}.Release|Any CPU.Build.0 = Release|Any CPU
		{F62C67DB-32B5-4EAC-A4A2-0DDD0C5B8CE7}.Debug|Any CPU.ActiveCfg = Debug|Any CPU
		{F62C67DB-32B5-4EAC-A4A2-0DDD0C5B8CE7}.Debug|Any CPU.Build.0 = Debug|Any CPU
		{F62C67DB-32B5-4EAC-A4A2-0DDD0C5B8CE7}.Release|Any CPU.ActiveCfg = Release|Any CPU
		{F62C67DB-32B5-4EAC-A4A2-0DDD0C5B8CE7}.Release|Any CPU.Build.0 = Release|Any CPU
		{90EACB93-72F4-4CD2-A286-74AE991A218A}.Debug|Any CPU.ActiveCfg = Debug|Any CPU
		{90EACB93-72F4-4CD2-A286-74AE991A218A}.Debug|Any CPU.Build.0 = Debug|Any CPU
		{90EACB93-72F4-4CD2-A286-74AE991A218A}.Release|Any CPU.ActiveCfg = Release|Any CPU
		{90EACB93-72F4-4CD2-A286-74AE991A218A}.Release|Any CPU.Build.0 = Release|Any CPU
		{C36F9546-6A53-4611-8795-9CC29832306B}.Debug|Any CPU.ActiveCfg = Debug|Any CPU
		{C36F9546-6A53-4611-8795-9CC29832306B}.Debug|Any CPU.Build.0 = Debug|Any CPU
		{C36F9546-6A53-4611-8795-9CC29832306B}.Release|Any CPU.ActiveCfg = Release|Any CPU
		{C36F9546-6A53-4611-8795-9CC29832306B}.Release|Any CPU.Build.0 = Release|Any CPU
		{553B3901-8810-438C-8D9E-916D57251896}.Debug|Any CPU.ActiveCfg = Debug|Any CPU
		{553B3901-8810-438C-8D9E-916D57251896}.Debug|Any CPU.Build.0 = Debug|Any CPU
		{553B3901-8810-438C-8D9E-916D57251896}.Release|Any CPU.ActiveCfg = Release|Any CPU
		{553B3901-8810-438C-8D9E-916D57251896}.Release|Any CPU.Build.0 = Release|Any CPU
	EndGlobalSection
	GlobalSection(SolutionProperties) = preSolution
		HideSolutionNode = FALSE
	EndGlobalSection
	GlobalSection(ExtensibilityGlobals) = postSolution
		SolutionGuid = {B1B53826-E4AD-4D47-A75E-CEC9DDD28654}
	EndGlobalSection
EndGlobal
